// !$*UTF8*$!
{
	archiveVersion = 1;
	classes = {
	};
	objectVersion = 56;
	objects = {

/* Begin PBXBuildFile section */
		2CE521CE2D8AE7A800CECD7B /* SplittableCoordinatorApp.swift in Sources */ = {isa = PBXBuildFile; fileRef = 2CE521CD2D8AE7A800CECD7B /* SplittableCoordinatorApp.swift */; };
		2CE521D02D8AE7A800CECD7B /* ContentView.swift in Sources */ = {isa = PBXBuildFile; fileRef = 2CE521CF2D8AE7A800CECD7B /* ContentView.swift */; };
		2CE521D22D8AE7AB00CECD7B /* Assets.xcassets in Resources */ = {isa = PBXBuildFile; fileRef = 2CE521D12D8AE7AB00CECD7B /* Assets.xcassets */; };
		2CE521DC2D8AE84000CECD7B /* CoordinatorA.swift in Sources */ = {isa = PBXBuildFile; fileRef = 2CE521DB2D8AE84000CECD7B /* CoordinatorA.swift */; };
		2CE521DE2D8AE84E00CECD7B /* CoordinatorB.swift in Sources */ = {isa = PBXBuildFile; fileRef = 2CE521DD2D8AE84E00CECD7B /* CoordinatorB.swift */; };
		2CE521E72D8AEA6200CECD7B /* CoordinatorService.swift in Sources */ = {isa = PBXBuildFile; fileRef = 2CE521E62D8AEA6200CECD7B /* CoordinatorService.swift */; };
		2CE521EB2D8AF84A00CECD7B /* DummyView.swift in Sources */ = {isa = PBXBuildFile; fileRef = 2CE521EA2D8AF84A00CECD7B /* DummyView.swift */; };
/* End PBXBuildFile section */

/* Begin PBXFileReference section */
		2CE521CA2D8AE7A800CECD7B /* SplittableCoordinator.app */ = {isa = PBXFileReference; explicitFileType = wrapper.application; includeInIndex = 0; path = SplittableCoordinator.app; sourceTree = BUILT_PRODUCTS_DIR; };
		2CE521CD2D8AE7A800CECD7B /* SplittableCoordinatorApp.swift */ = {isa = PBXFileReference; lastKnownFileType = sourcecode.swift; path = SplittableCoordinatorApp.swift; sourceTree = "<group>"; };
		2CE521CF2D8AE7A800CECD7B /* ContentView.swift */ = {isa = PBXFileReference; lastKnownFileType = sourcecode.swift; path = ContentView.swift; sourceTree = "<group>"; };
		2CE521D12D8AE7AB00CECD7B /* Assets.xcassets */ = {isa = PBXFileReference; lastKnownFileType = folder.assetcatalog; path = Assets.xcassets; sourceTree = "<group>"; };
		2CE521DB2D8AE84000CECD7B /* CoordinatorA.swift */ = {isa = PBXFileReference; lastKnownFileType = sourcecode.swift; path = CoordinatorA.swift; sourceTree = "<group>"; };
		2CE521DD2D8AE84E00CECD7B /* CoordinatorB.swift */ = {isa = PBXFileReference; lastKnownFileType = sourcecode.swift; path = CoordinatorB.swift; sourceTree = "<group>"; };
		2CE521E62D8AEA6200CECD7B /* CoordinatorService.swift */ = {isa = PBXFileReference; lastKnownFileType = sourcecode.swift; path = CoordinatorService.swift; sourceTree = "<group>"; };
		2CE521EA2D8AF84A00CECD7B /* DummyView.swift */ = {isa = PBXFileReference; lastKnownFileType = sourcecode.swift; path = DummyView.swift; sourceTree = "<group>"; };
/* End PBXFileReference section */

/* Begin PBXFrameworksBuildPhase section */
		2CE521C72D8AE7A800CECD7B /* Frameworks */ = {
			isa = PBXFrameworksBuildPhase;
			buildActionMask = 2147483647;
			files = (
			);
			runOnlyForDeploymentPostprocessing = 0;
		};
/* End PBXFrameworksBuildPhase section */

/* Begin PBXGroup section */
		2CE521C12D8AE7A800CECD7B = {
			isa = PBXGroup;
			children = (
				2CE521CC2D8AE7A800CECD7B /* SplittableCoordinator */,
				2CE521CB2D8AE7A800CECD7B /* Products */,
			);
			sourceTree = "<group>";
		};
		2CE521CB2D8AE7A800CECD7B /* Products */ = {
			isa = PBXGroup;
			children = (
				2CE521CA2D8AE7A800CECD7B /* SplittableCoordinator.app */,
			);
			name = Products;
			sourceTree = "<group>";
		};
		2CE521CC2D8AE7A800CECD7B /* SplittableCoordinator */ = {
			isa = PBXGroup;
			children = (
				2CE521E32D8AE9F900CECD7B /* Project */,
				2CE521E52D8AEA2700CECD7B /* Coordinator */,
			);
			path = SplittableCoordinator;
			sourceTree = "<group>";
		};
		2CE521E32D8AE9F900CECD7B /* Project */ = {
			isa = PBXGroup;
			children = (
				2CE521D12D8AE7AB00CECD7B /* Assets.xcassets */,
				2CE521CF2D8AE7A800CECD7B /* ContentView.swift */,
				2CE521CD2D8AE7A800CECD7B /* SplittableCoordinatorApp.swift */,
				2CE521EA2D8AF84A00CECD7B /* DummyView.swift */,
			);
			path = Project;
			sourceTree = "<group>";
		};
		2CE521E52D8AEA2700CECD7B /* Coordinator */ = {
			isa = PBXGroup;
			children = (
				2CE521E62D8AEA6200CECD7B /* CoordinatorService.swift */,
				2CE521DB2D8AE84000CECD7B /* CoordinatorA.swift */,
				2CE521DD2D8AE84E00CECD7B /* CoordinatorB.swift */,
			);
			path = Coordinator;
			sourceTree = "<group>";
		};
/* End PBXGroup section */

/* Begin PBXNativeTarget section */
		2CE521C92D8AE7A800CECD7B /* SplittableCoordinator */ = {
			isa = PBXNativeTarget;
			buildConfigurationList = 2CE521D82D8AE7AB00CECD7B /* Build configuration list for PBXNativeTarget "SplittableCoordinator" */;
			buildPhases = (
				2CE521C62D8AE7A800CECD7B /* Sources */,
				2CE521C72D8AE7A800CECD7B /* Frameworks */,
				2CE521C82D8AE7A800CECD7B /* Resources */,
			);
			buildRules = (
			);
			dependencies = (
			);
			name = SplittableCoordinator;
			productName = coord_test;
			productReference = 2CE521CA2D8AE7A800CECD7B /* SplittableCoordinator.app */;
			productType = "com.apple.product-type.application";
		};
/* End PBXNativeTarget section */

/* Begin PBXProject section */
		2CE521C22D8AE7A800CECD7B /* Project object */ = {
			isa = PBXProject;
			attributes = {
				BuildIndependentTargetsInParallel = 1;
				LastSwiftUpdateCheck = 1520;
				LastUpgradeCheck = 1520;
				TargetAttributes = {
					2CE521C92D8AE7A800CECD7B = {
						CreatedOnToolsVersion = 15.2;
					};
				};
			};
			buildConfigurationList = 2CE521C52D8AE7A800CECD7B /* Build configuration list for PBXProject "SplittableCoordinator" */;
			compatibilityVersion = "Xcode 14.0";
			developmentRegion = en;
			hasScannedForEncodings = 0;
			knownRegions = (
				en,
				Base,
			);
			mainGroup = 2CE521C12D8AE7A800CECD7B;
			productRefGroup = 2CE521CB2D8AE7A800CECD7B /* Products */;
			projectDirPath = "";
			projectRoot = "";
			targets = (
				2CE521C92D8AE7A800CECD7B /* SplittableCoordinator */,
			);
		};
/* End PBXProject section */

/* Begin PBXResourcesBuildPhase section */
		2CE521C82D8AE7A800CECD7B /* Resources */ = {
			isa = PBXResourcesBuildPhase;
			buildActionMask = 2147483647;
			files = (
				2CE521D22D8AE7AB00CECD7B /* Assets.xcassets in Resources */,
			);
			runOnlyForDeploymentPostprocessing = 0;
		};
/* End PBXResourcesBuildPhase section */

/* Begin PBXSourcesBuildPhase section */
		2CE521C62D8AE7A800CECD7B /* Sources */ = {
			isa = PBXSourcesBuildPhase;
			buildActionMask = 2147483647;
			files = (
				2CE521DE2D8AE84E00CECD7B /* CoordinatorB.swift in Sources */,
				2CE521DC2D8AE84000CECD7B /* CoordinatorA.swift in Sources */,
				2CE521E72D8AEA6200CECD7B /* CoordinatorService.swift in Sources */,
				2CE521EB2D8AF84A00CECD7B /* DummyView.swift in Sources */,
				2CE521D02D8AE7A800CECD7B /* ContentView.swift in Sources */,
				2CE521CE2D8AE7A800CECD7B /* SplittableCoordinatorApp.swift in Sources */,
			);
			runOnlyForDeploymentPostprocessing = 0;
		};
/* End PBXSourcesBuildPhase section */

/* Begin XCBuildConfiguration section */
		2CE521D62D8AE7AB00CECD7B /* Debug */ = {
			isa = XCBuildConfiguration;
			buildSettings = {
				ALWAYS_SEARCH_USER_PATHS = NO;
				ASSETCATALOG_COMPILER_GENERATE_SWIFT_ASSET_SYMBOL_EXTENSIONS = YES;
				CLANG_ANALYZER_NONNULL = YES;
				CLANG_ANALYZER_NUMBER_OBJECT_CONVERSION = YES_AGGRESSIVE;
				CLANG_CXX_LANGUAGE_STANDARD = "gnu++20";
				CLANG_ENABLE_MODULES = YES;
				CLANG_ENABLE_OBJC_ARC = YES;
				CLANG_ENABLE_OBJC_WEAK = YES;
				CLANG_WARN_BLOCK_CAPTURE_AUTORELEASING = YES;
				CLANG_WARN_BOOL_CONVERSION = YES;
				CLANG_WARN_COMMA = YES;
				CLANG_WARN_CONSTANT_CONVERSION = YES;
				CLANG_WARN_DEPRECATED_OBJC_IMPLEMENTATIONS = YES;
				CLANG_WARN_DIRECT_OBJC_ISA_USAGE = YES_ERROR;
				CLANG_WARN_DOCUMENTATION_COMMENTS = YES;
				CLANG_WARN_EMPTY_BODY = YES;
				CLANG_WARN_ENUM_CONVERSION = YES;
				CLANG_WARN_INFINITE_RECURSION = YES;
				CLANG_WARN_INT_CONVERSION = YES;
				CLANG_WARN_NON_LITERAL_NULL_CONVERSION = YES;
				CLANG_WARN_OBJC_IMPLICIT_RETAIN_SELF = YES;
				CLANG_WARN_OBJC_LITERAL_CONVERSION = YES;
				CLANG_WARN_OBJC_ROOT_CLASS = YES_ERROR;
				CLANG_WARN_QUOTED_INCLUDE_IN_FRAMEWORK_HEADER = YES;
				CLANG_WARN_RANGE_LOOP_ANALYSIS = YES;
				CLANG_WARN_STRICT_PROTOTYPES = YES;
				CLANG_WARN_SUSPICIOUS_MOVE = YES;
				CLANG_WARN_UNGUARDED_AVAILABILITY = YES_AGGRESSIVE;
				CLANG_WARN_UNREACHABLE_CODE = YES;
				CLANG_WARN__DUPLICATE_METHOD_MATCH = YES;
				COPY_PHASE_STRIP = NO;
				DEBUG_INFORMATION_FORMAT = dwarf;
				ENABLE_STRICT_OBJC_MSGSEND = YES;
				ENABLE_TESTABILITY = YES;
				ENABLE_USER_SCRIPT_SANDBOXING = YES;
				GCC_C_LANGUAGE_STANDARD = gnu17;
				GCC_DYNAMIC_NO_PIC = NO;
				GCC_NO_COMMON_BLOCKS = YES;
				GCC_OPTIMIZATION_LEVEL = 0;
				GCC_PREPROCESSOR_DEFINITIONS = (
					"DEBUG=1",
					"$(inherited)",
				);
				GCC_WARN_64_TO_32_BIT_CONVERSION = YES;
				GCC_WARN_ABOUT_RETURN_TYPE = YES_ERROR;
				GCC_WARN_UNDECLARED_SELECTOR = YES;
				GCC_WARN_UNINITIALIZED_AUTOS = YES_AGGRESSIVE;
				GCC_WARN_UNUSED_FUNCTION = YES;
				GCC_WARN_UNUSED_VARIABLE = YES;
				IPHONEOS_DEPLOYMENT_TARGET = 17.2;
				LOCALIZATION_PREFERS_STRING_CATALOGS = YES;
				MTL_ENABLE_DEBUG_INFO = INCLUDE_SOURCE;
				MTL_FAST_MATH = YES;
				ONLY_ACTIVE_ARCH = YES;
				SDKROOT = iphoneos;
				SWIFT_ACTIVE_COMPILATION_CONDITIONS = "DEBUG $(inherited)";
				SWIFT_OPTIMIZATION_LEVEL = "-Onone";
			};
			name = Debug;
		};
		2CE521D72D8AE7AB00CECD7B /* Release */ = {
			isa = XCBuildConfiguration;
			buildSettings = {
				ALWAYS_SEARCH_USER_PATHS = NO;
				ASSETCATALOG_COMPILER_GENERATE_SWIFT_ASSET_SYMBOL_EXTENSIONS = YES;
				CLANG_ANALYZER_NONNULL = YES;
				CLANG_ANALYZER_NUMBER_OBJECT_CONVERSION = YES_AGGRESSIVE;
				CLANG_CXX_LANGUAGE_STANDARD = "gnu++20";
				CLANG_ENABLE_MODULES = YES;
				CLANG_ENABLE_OBJC_ARC = YES;
				CLANG_ENABLE_OBJC_WEAK = YES;
				CLANG_WARN_BLOCK_CAPTURE_AUTORELEASING = YES;
				CLANG_WARN_BOOL_CONVERSION = YES;
				CLANG_WARN_COMMA = YES;
				CLANG_WARN_CONSTANT_CONVERSION = YES;
				CLANG_WARN_DEPRECATED_OBJC_IMPLEMENTATIONS = YES;
				CLANG_WARN_DIRECT_OBJC_ISA_USAGE = YES_ERROR;
				CLANG_WARN_DOCUMENTATION_COMMENTS = YES;
				CLANG_WARN_EMPTY_BODY = YES;
				CLANG_WARN_ENUM_CONVERSION = YES;
				CLANG_WARN_INFINITE_RECURSION = YES;
				CLANG_WARN_INT_CONVERSION = YES;
				CLANG_WARN_NON_LITERAL_NULL_CONVERSION = YES;
				CLANG_WARN_OBJC_IMPLICIT_RETAIN_SELF = YES;
				CLANG_WARN_OBJC_LITERAL_CONVERSION = YES;
				CLANG_WARN_OBJC_ROOT_CLASS = YES_ERROR;
				CLANG_WARN_QUOTED_INCLUDE_IN_FRAMEWORK_HEADER = YES;
				CLANG_WARN_RANGE_LOOP_ANALYSIS = YES;
				CLANG_WARN_STRICT_PROTOTYPES = YES;
				CLANG_WARN_SUSPICIOUS_MOVE = YES;
				CLANG_WARN_UNGUARDED_AVAILABILITY = YES_AGGRESSIVE;
				CLANG_WARN_UNREACHABLE_CODE = YES;
				CLANG_WARN__DUPLICATE_METHOD_MATCH = YES;
				COPY_PHASE_STRIP = NO;
				DEBUG_INFORMATION_FORMAT = "dwarf-with-dsym";
				ENABLE_NS_ASSERTIONS = NO;
				ENABLE_STRICT_OBJC_MSGSEND = YES;
				ENABLE_USER_SCRIPT_SANDBOXING = YES;
				GCC_C_LANGUAGE_STANDARD = gnu17;
				GCC_NO_COMMON_BLOCKS = YES;
				GCC_WARN_64_TO_32_BIT_CONVERSION = YES;
				GCC_WARN_ABOUT_RETURN_TYPE = YES_ERROR;
				GCC_WARN_UNDECLARED_SELECTOR = YES;
				GCC_WARN_UNINITIALIZED_AUTOS = YES_AGGRESSIVE;
				GCC_WARN_UNUSED_FUNCTION = YES;
				GCC_WARN_UNUSED_VARIABLE = YES;
				IPHONEOS_DEPLOYMENT_TARGET = 17.2;
				LOCALIZATION_PREFERS_STRING_CATALOGS = YES;
				MTL_ENABLE_DEBUG_INFO = NO;
				MTL_FAST_MATH = YES;
				SDKROOT = iphoneos;
				SWIFT_COMPILATION_MODE = wholemodule;
				VALIDATE_PRODUCT = YES;
			};
			name = Release;
		};
		2CE521D92D8AE7AB00CECD7B /* Debug */ = {
			isa = XCBuildConfiguration;
			buildSettings = {
				ASSETCATALOG_COMPILER_APPICON_NAME = AppIcon;
				ASSETCATALOG_COMPILER_GLOBAL_ACCENT_COLOR_NAME = AccentColor;
				CODE_SIGN_STYLE = Automatic;
				CURRENT_PROJECT_VERSION = 1;
				DEVELOPMENT_TEAM = MC6FCXS7TF;
				ENABLE_PREVIEWS = YES;
				GENERATE_INFOPLIST_FILE = YES;
				INFOPLIST_KEY_UIApplicationSceneManifest_Generation = YES;
				INFOPLIST_KEY_UIApplicationSupportsIndirectInputEvents = YES;
				INFOPLIST_KEY_UILaunchScreen_Generation = YES;
				INFOPLIST_KEY_UISupportedInterfaceOrientations_iPad = "UIInterfaceOrientationPortrait UIInterfaceOrientationPortraitUpsideDown UIInterfaceOrientationLandscapeLeft UIInterfaceOrientationLandscapeRight";
				INFOPLIST_KEY_UISupportedInterfaceOrientations_iPhone = "UIInterfaceOrientationPortrait UIInterfaceOrientationLandscapeLeft UIInterfaceOrientationLandscapeRight";
				LD_RUNPATH_SEARCH_PATHS = (
					"$(inherited)",
					"@executable_path/Frameworks",
				);
				MARKETING_VERSION = 1.0;
				PRODUCT_BUNDLE_IDENTIFIER = "com.demonsoft.coord-test";
				PRODUCT_NAME = "$(TARGET_NAME)";
				SWIFT_EMIT_LOC_STRINGS = YES;
				SWIFT_VERSION = 5.0;
				TARGETED_DEVICE_FAMILY = "1,2";
			};
			name = Debug;
		};
		2CE521DA2D8AE7AB00CECD7B /* Release */ = {
			isa = XCBuildConfiguration;
			buildSettings = {
				ASSETCATALOG_COMPILER_APPICON_NAME = AppIcon;
				ASSETCATALOG_COMPILER_GLOBAL_ACCENT_COLOR_NAME = AccentColor;
				CODE_SIGN_STYLE = Automatic;
				CURRENT_PROJECT_VERSION = 1;
				DEVELOPMENT_TEAM = MC6FCXS7TF;
				ENABLE_PREVIEWS = YES;
				GENERATE_INFOPLIST_FILE = YES;
				INFOPLIST_KEY_UIApplicationSceneManifest_Generation = YES;
				INFOPLIST_KEY_UIApplicationSupportsIndirectInputEvents = YES;
				INFOPLIST_KEY_UILaunchScreen_Generation = YES;
				INFOPLIST_KEY_UISupportedInterfaceOrientations_iPad = "UIInterfaceOrientationPortrait UIInterfaceOrientationPortraitUpsideDown UIInterfaceOrientationLandscapeLeft UIInterfaceOrientationLandscapeRight";
				INFOPLIST_KEY_UISupportedInterfaceOrientations_iPhone = "UIInterfaceOrientationPortrait UIInterfaceOrientationLandscapeLeft UIInterfaceOrientationLandscapeRight";
				LD_RUNPATH_SEARCH_PATHS = (
					"$(inherited)",
					"@executable_path/Frameworks",
				);
				MARKETING_VERSION = 1.0;
				PRODUCT_BUNDLE_IDENTIFIER = "com.demonsoft.coord-test";
				PRODUCT_NAME = "$(TARGET_NAME)";
				SWIFT_EMIT_LOC_STRINGS = YES;
				SWIFT_VERSION = 5.0;
				TARGETED_DEVICE_FAMILY = "1,2";
			};
			name = Release;
		};
/* End XCBuildConfiguration section */

/* Begin XCConfigurationList section */
		2CE521C52D8AE7A800CECD7B /* Build configuration list for PBXProject "SplittableCoordinator" */ = {
			isa = XCConfigurationList;
			buildConfigurations = (
				2CE521D62D8AE7AB00CECD7B /* Debug */,
				2CE521D72D8AE7AB00CECD7B /* Release */,
			);
			defaultConfigurationIsVisible = 0;
			defaultConfigurationName = Release;
		};
		2CE521D82D8AE7AB00CECD7B /* Build configuration list for PBXNativeTarget "SplittableCoordinator" */ = {
			isa = XCConfigurationList;
			buildConfigurations = (
				2CE521D92D8AE7AB00CECD7B /* Debug */,
				2CE521DA2D8AE7AB00CECD7B /* Release */,
			);
			defaultConfigurationIsVisible = 0;
			defaultConfigurationName = Release;
		};
/* End XCConfigurationList section */
	};
	rootObject = 2CE521C22D8AE7A800CECD7B /* Project object */;
}
